// !$*UTF8*$!
{
	archiveVersion = 1;
	classes = {
	};
	objectVersion = 50;
	objects = {

/* Begin PBXBuildFile section */
		5E20556B271B8DC800401807 /* Style1.mlmodel in Sources */ = {isa = PBXBuildFile; fileRef = 5E20556A271B8DC800401807 /* Style1.mlmodel */; };
		5E205581271B96BB00401807 /* StyleInput.swift in Sources */ = {isa = PBXBuildFile; fileRef = 5E205580271B96BB00401807 /* StyleInput.swift */; };
		5E205583271B971100401807 /* StyleOutput.swift in Sources */ = {isa = PBXBuildFile; fileRef = 5E205582271B971100401807 /* StyleOutput.swift */; };
		5E205585271B97AF00401807 /* StyleModel.swift in Sources */ = {isa = PBXBuildFile; fileRef = 5E205584271B97AF00401807 /* StyleModel.swift */; };
		5E205587271B9D7B00401807 /* StyleModel+Extension.swift in Sources */ = {isa = PBXBuildFile; fileRef = 5E205586271B9D7B00401807 /* StyleModel+Extension.swift */; };
		5E22AC8427C037E100DC83C6 /* Tab.swift in Sources */ = {isa = PBXBuildFile; fileRef = 5E22AC8327C037E100DC83C6 /* Tab.swift */; };
		5E22AC8627C0382C00DC83C6 /* TabBar.swift in Sources */ = {isa = PBXBuildFile; fileRef = 5E22AC8527C0382C00DC83C6 /* TabBar.swift */; };
		5E22AC8827C039D700DC83C6 /* Modifiers.swift in Sources */ = {isa = PBXBuildFile; fileRef = 5E22AC8727C039D700DC83C6 /* Modifiers.swift */; };
		5E22AC8A27C0420100DC83C6 /* AngularButton.swift in Sources */ = {isa = PBXBuildFile; fileRef = 5E22AC8927C0420100DC83C6 /* AngularButton.swift */; };
		5E4305B126EC05E000D6CD85 /* Deep_FiltersApp.swift in Sources */ = {isa = PBXBuildFile; fileRef = 5E4305B026EC05E000D6CD85 /* Deep_FiltersApp.swift */; };
		5E4305B326EC05E000D6CD85 /* ContentView.swift in Sources */ = {isa = PBXBuildFile; fileRef = 5E4305B226EC05E000D6CD85 /* ContentView.swift */; };
		5E4305B526EC05E100D6CD85 /* Assets.xcassets in Resources */ = {isa = PBXBuildFile; fileRef = 5E4305B426EC05E100D6CD85 /* Assets.xcassets */; };
		5E4305B826EC05E100D6CD85 /* Preview Assets.xcassets in Resources */ = {isa = PBXBuildFile; fileRef = 5E4305B726EC05E100D6CD85 /* Preview Assets.xcassets */; };
		5E4305C826EC070800D6CD85 /* Style2.mlmodel in Sources */ = {isa = PBXBuildFile; fileRef = 5E4305C726EC070800D6CD85 /* Style2.mlmodel */; };
		5E4305CA26EC071700D6CD85 /* Style3.mlmodel in Sources */ = {isa = PBXBuildFile; fileRef = 5E4305C926EC071700D6CD85 /* Style3.mlmodel */; };
		5E4305CC26EC072100D6CD85 /* Style4.mlmodel in Sources */ = {isa = PBXBuildFile; fileRef = 5E4305CB26EC072100D6CD85 /* Style4.mlmodel */; };
		5E4305CE26EC072B00D6CD85 /* Style5.mlmodel in Sources */ = {isa = PBXBuildFile; fileRef = 5E4305CD26EC072B00D6CD85 /* Style5.mlmodel */; };
		5E4305D026EC073600D6CD85 /* Style6.mlmodel in Sources */ = {isa = PBXBuildFile; fileRef = 5E4305CF26EC073600D6CD85 /* Style6.mlmodel */; };
		5E4305D226EC074100D6CD85 /* Style7.mlmodel in Sources */ = {isa = PBXBuildFile; fileRef = 5E4305D126EC074100D6CD85 /* Style7.mlmodel */; };
		5E4305D426EC074F00D6CD85 /* Style8.mlmodel in Sources */ = {isa = PBXBuildFile; fileRef = 5E4305D326EC074F00D6CD85 /* Style8.mlmodel */; };
		5E4305D626EC075A00D6CD85 /* Style9.mlmodel in Sources */ = {isa = PBXBuildFile; fileRef = 5E4305D526EC075A00D6CD85 /* Style9.mlmodel */; };
		5E4305D826EC076200D6CD85 /* Style10.mlmodel in Sources */ = {isa = PBXBuildFile; fileRef = 5E4305D726EC076200D6CD85 /* Style10.mlmodel */; };
		5E4305DA26EC077C00D6CD85 /* AppViewModel.swift in Sources */ = {isa = PBXBuildFile; fileRef = 5E4305D926EC077C00D6CD85 /* AppViewModel.swift */; };
		5E4305DE26EC07E200D6CD85 /* StyleEnum.swift in Sources */ = {isa = PBXBuildFile; fileRef = 5E4305DD26EC07E200D6CD85 /* StyleEnum.swift */; };
		5E4305E026EC080300D6CD85 /* Enums.swift in Sources */ = {isa = PBXBuildFile; fileRef = 5E4305DF26EC080300D6CD85 /* Enums.swift */; };
		5E4305E226EC083900D6CD85 /* ShareSheet.swift in Sources */ = {isa = PBXBuildFile; fileRef = 5E4305E126EC083900D6CD85 /* ShareSheet.swift */; };
		5E4305E526EC088E00D6CD85 /* Camera.swift in Sources */ = {isa = PBXBuildFile; fileRef = 5E4305E426EC088E00D6CD85 /* Camera.swift */; };
		5E4305E726EC08C500D6CD85 /* PhotoLibrary.swift in Sources */ = {isa = PBXBuildFile; fileRef = 5E4305E626EC08C500D6CD85 /* PhotoLibrary.swift */; };
		5E4305EA26EC090600D6CD85 /* BackgroundEffectView.swift in Sources */ = {isa = PBXBuildFile; fileRef = 5E4305E926EC090600D6CD85 /* BackgroundEffectView.swift */; };
		5E4305EC26EC093B00D6CD85 /* AnimatedActionButton.swift in Sources */ = {isa = PBXBuildFile; fileRef = 5E4305EB26EC093B00D6CD85 /* AnimatedActionButton.swift */; };
		5E4305EE26EC095F00D6CD85 /* AnimatedRoundedButton.swift in Sources */ = {isa = PBXBuildFile; fileRef = 5E4305ED26EC095F00D6CD85 /* AnimatedRoundedButton.swift */; };
		5E4305F126EC09B400D6CD85 /* Array+Extension.swift in Sources */ = {isa = PBXBuildFile; fileRef = 5E4305F026EC09B400D6CD85 /* Array+Extension.swift */; };
		5E4305F326EC09D900D6CD85 /* UIImage+Extension.swift in Sources */ = {isa = PBXBuildFile; fileRef = 5E4305F226EC09D900D6CD85 /* UIImage+Extension.swift */; };
		5E4305F726EC0A3400D6CD85 /* GradientButtonStyle.swift in Sources */ = {isa = PBXBuildFile; fileRef = 5E4305F626EC0A3400D6CD85 /* GradientButtonStyle.swift */; };
		5E5C92B827B06E3C00666C4C /* VisualEffectBlur.swift in Sources */ = {isa = PBXBuildFile; fileRef = 5E5C92B727B06E3C00666C4C /* VisualEffectBlur.swift */; };
		5E7BCD632722F7E600DC3D7F /* Style11.mlmodel in Sources */ = {isa = PBXBuildFile; fileRef = 5E7BCD612722F7E600DC3D7F /* Style11.mlmodel */; };
		5E7BCD642722F7E600DC3D7F /* Style14.mlmodel in Sources */ = {isa = PBXBuildFile; fileRef = 5E7BCD622722F7E600DC3D7F /* Style14.mlmodel */; };
		5E7BCD682722F80500DC3D7F /* Style13.mlmodel in Sources */ = {isa = PBXBuildFile; fileRef = 5E7BCD652722F80500DC3D7F /* Style13.mlmodel */; };
		5E7BCD6A2722F80500DC3D7F /* Style15.mlmodel in Sources */ = {isa = PBXBuildFile; fileRef = 5E7BCD672722F80500DC3D7F /* Style15.mlmodel */; };
		5EA1DF31271C584D00416374 /* MatrixSize.swift in Sources */ = {isa = PBXBuildFile; fileRef = 5EA1DF30271C584D00416374 /* MatrixSize.swift */; };
/* End PBXBuildFile section */

/* Begin PBXFileReference section */
		5E20556A271B8DC800401807 /* Style1.mlmodel */ = {isa = PBXFileReference; lastKnownFileType = file.mlmodel; path = Style1.mlmodel; sourceTree = "<group>"; };
		5E205580271B96BB00401807 /* StyleInput.swift */ = {isa = PBXFileReference; lastKnownFileType = sourcecode.swift; path = StyleInput.swift; sourceTree = "<group>"; };
		5E205582271B971100401807 /* StyleOutput.swift */ = {isa = PBXFileReference; lastKnownFileType = sourcecode.swift; path = StyleOutput.swift; sourceTree = "<group>"; };
		5E205584271B97AF00401807 /* StyleModel.swift */ = {isa = PBXFileReference; lastKnownFileType = sourcecode.swift; path = StyleModel.swift; sourceTree = "<group>"; };
		5E205586271B9D7B00401807 /* StyleModel+Extension.swift */ = {isa = PBXFileReference; lastKnownFileType = sourcecode.swift; path = "StyleModel+Extension.swift"; sourceTree = "<group>"; };
		5E22AC8327C037E100DC83C6 /* Tab.swift */ = {isa = PBXFileReference; fileEncoding = 4; lastKnownFileType = sourcecode.swift; path = Tab.swift; sourceTree = "<group>"; };
		5E22AC8527C0382C00DC83C6 /* TabBar.swift */ = {isa = PBXFileReference; fileEncoding = 4; lastKnownFileType = sourcecode.swift; path = TabBar.swift; sourceTree = "<group>"; };
		5E22AC8727C039D700DC83C6 /* Modifiers.swift */ = {isa = PBXFileReference; fileEncoding = 4; lastKnownFileType = sourcecode.swift; path = Modifiers.swift; sourceTree = "<group>"; };
		5E22AC8927C0420100DC83C6 /* AngularButton.swift */ = {isa = PBXFileReference; fileEncoding = 4; lastKnownFileType = sourcecode.swift; path = AngularButton.swift; sourceTree = "<group>"; };
		5E4305AD26EC05E000D6CD85 /* Deep Filters.app */ = {isa = PBXFileReference; explicitFileType = wrapper.application; includeInIndex = 0; path = "Deep Filters.app"; sourceTree = BUILT_PRODUCTS_DIR; };
		5E4305B026EC05E000D6CD85 /* Deep_FiltersApp.swift */ = {isa = PBXFileReference; lastKnownFileType = sourcecode.swift; path = Deep_FiltersApp.swift; sourceTree = "<group>"; };
		5E4305B226EC05E000D6CD85 /* ContentView.swift */ = {isa = PBXFileReference; lastKnownFileType = sourcecode.swift; path = ContentView.swift; sourceTree = "<group>"; };
		5E4305B426EC05E100D6CD85 /* Assets.xcassets */ = {isa = PBXFileReference; lastKnownFileType = folder.assetcatalog; path = Assets.xcassets; sourceTree = "<group>"; };
		5E4305B726EC05E100D6CD85 /* Preview Assets.xcassets */ = {isa = PBXFileReference; lastKnownFileType = folder.assetcatalog; path = "Preview Assets.xcassets"; sourceTree = "<group>"; };
		5E4305B926EC05E100D6CD85 /* Info.plist */ = {isa = PBXFileReference; lastKnownFileType = text.plist.xml; path = Info.plist; sourceTree = "<group>"; };
		5E4305C726EC070800D6CD85 /* Style2.mlmodel */ = {isa = PBXFileReference; lastKnownFileType = file.mlmodel; path = Style2.mlmodel; sourceTree = "<group>"; };
		5E4305C926EC071700D6CD85 /* Style3.mlmodel */ = {isa = PBXFileReference; lastKnownFileType = file.mlmodel; path = Style3.mlmodel; sourceTree = "<group>"; };
		5E4305CB26EC072100D6CD85 /* Style4.mlmodel */ = {isa = PBXFileReference; lastKnownFileType = file.mlmodel; path = Style4.mlmodel; sourceTree = "<group>"; };
		5E4305CD26EC072B00D6CD85 /* Style5.mlmodel */ = {isa = PBXFileReference; lastKnownFileType = file.mlmodel; path = Style5.mlmodel; sourceTree = "<group>"; };
		5E4305CF26EC073600D6CD85 /* Style6.mlmodel */ = {isa = PBXFileReference; lastKnownFileType = file.mlmodel; path = Style6.mlmodel; sourceTree = "<group>"; };
		5E4305D126EC074100D6CD85 /* Style7.mlmodel */ = {isa = PBXFileReference; lastKnownFileType = file.mlmodel; path = Style7.mlmodel; sourceTree = "<group>"; };
		5E4305D326EC074F00D6CD85 /* Style8.mlmodel */ = {isa = PBXFileReference; lastKnownFileType = file.mlmodel; path = Style8.mlmodel; sourceTree = "<group>"; };
		5E4305D526EC075A00D6CD85 /* Style9.mlmodel */ = {isa = PBXFileReference; lastKnownFileType = file.mlmodel; path = Style9.mlmodel; sourceTree = "<group>"; };
		5E4305D726EC076200D6CD85 /* Style10.mlmodel */ = {isa = PBXFileReference; lastKnownFileType = file.mlmodel; path = Style10.mlmodel; sourceTree = "<group>"; };
		5E4305D926EC077C00D6CD85 /* AppViewModel.swift */ = {isa = PBXFileReference; lastKnownFileType = sourcecode.swift; path = AppViewModel.swift; sourceTree = "<group>"; };
		5E4305DD26EC07E200D6CD85 /* StyleEnum.swift */ = {isa = PBXFileReference; lastKnownFileType = sourcecode.swift; path = StyleEnum.swift; sourceTree = "<group>"; };
		5E4305DF26EC080300D6CD85 /* Enums.swift */ = {isa = PBXFileReference; lastKnownFileType = sourcecode.swift; path = Enums.swift; sourceTree = "<group>"; };
		5E4305E126EC083900D6CD85 /* ShareSheet.swift */ = {isa = PBXFileReference; lastKnownFileType = sourcecode.swift; path = ShareSheet.swift; sourceTree = "<group>"; };
		5E4305E426EC088E00D6CD85 /* Camera.swift */ = {isa = PBXFileReference; lastKnownFileType = sourcecode.swift; path = Camera.swift; sourceTree = "<group>"; };
		5E4305E626EC08C500D6CD85 /* PhotoLibrary.swift */ = {isa = PBXFileReference; lastKnownFileType = sourcecode.swift; path = PhotoLibrary.swift; sourceTree = "<group>"; };
		5E4305E926EC090600D6CD85 /* BackgroundEffectView.swift */ = {isa = PBXFileReference; lastKnownFileType = sourcecode.swift; path = BackgroundEffectView.swift; sourceTree = "<group>"; };
		5E4305EB26EC093B00D6CD85 /* AnimatedActionButton.swift */ = {isa = PBXFileReference; lastKnownFileType = sourcecode.swift; path = AnimatedActionButton.swift; sourceTree = "<group>"; };
		5E4305ED26EC095F00D6CD85 /* AnimatedRoundedButton.swift */ = {isa = PBXFileReference; lastKnownFileType = sourcecode.swift; path = AnimatedRoundedButton.swift; sourceTree = "<group>"; };
		5E4305F026EC09B400D6CD85 /* Array+Extension.swift */ = {isa = PBXFileReference; lastKnownFileType = sourcecode.swift; path = "Array+Extension.swift"; sourceTree = "<group>"; };
		5E4305F226EC09D900D6CD85 /* UIImage+Extension.swift */ = {isa = PBXFileReference; lastKnownFileType = sourcecode.swift; path = "UIImage+Extension.swift"; sourceTree = "<group>"; };
		5E4305F626EC0A3400D6CD85 /* GradientButtonStyle.swift */ = {isa = PBXFileReference; lastKnownFileType = sourcecode.swift; path = GradientButtonStyle.swift; sourceTree = "<group>"; };
		5E5C92B727B06E3C00666C4C /* VisualEffectBlur.swift */ = {isa = PBXFileReference; fileEncoding = 4; lastKnownFileType = sourcecode.swift; path = VisualEffectBlur.swift; sourceTree = "<group>"; };
		5E7BCD612722F7E600DC3D7F /* Style11.mlmodel */ = {isa = PBXFileReference; lastKnownFileType = file.mlmodel; path = Style11.mlmodel; sourceTree = "<group>"; };
		5E7BCD622722F7E600DC3D7F /* Style14.mlmodel */ = {isa = PBXFileReference; lastKnownFileType = file.mlmodel; path = Style14.mlmodel; sourceTree = "<group>"; };
		5E7BCD652722F80500DC3D7F /* Style13.mlmodel */ = {isa = PBXFileReference; lastKnownFileType = file.mlmodel; path = Style13.mlmodel; sourceTree = "<group>"; };
		5E7BCD672722F80500DC3D7F /* Style15.mlmodel */ = {isa = PBXFileReference; lastKnownFileType = file.mlmodel; path = Style15.mlmodel; sourceTree = "<group>"; };
		5EA1DF30271C584D00416374 /* MatrixSize.swift */ = {isa = PBXFileReference; lastKnownFileType = sourcecode.swift; path = MatrixSize.swift; sourceTree = "<group>"; };
/* End PBXFileReference section */

/* Begin PBXFrameworksBuildPhase section */
		5E4305AA26EC05E000D6CD85 /* Frameworks */ = {
			isa = PBXFrameworksBuildPhase;
			buildActionMask = 2147483647;
			files = (
			);
			runOnlyForDeploymentPostprocessing = 0;
		};
/* End PBXFrameworksBuildPhase section */

/* Begin PBXGroup section */
		5E20554D271B61EA00401807 /* Extensions */ = {
			isa = PBXGroup;
			children = (
				5E4305F026EC09B400D6CD85 /* Array+Extension.swift */,
				5E4305F226EC09D900D6CD85 /* UIImage+Extension.swift */,
				5E205586271B9D7B00401807 /* StyleModel+Extension.swift */,
			);
			path = Extensions;
			sourceTree = "<group>";
		};
		5E4305A426EC05E000D6CD85 = {
			isa = PBXGroup;
			children = (
				5E4305AF26EC05E000D6CD85 /* Deep Filters */,
				5E4305AE26EC05E000D6CD85 /* Products */,
			);
			sourceTree = "<group>";
		};
		5E4305AE26EC05E000D6CD85 /* Products */ = {
			isa = PBXGroup;
			children = (
				5E4305AD26EC05E000D6CD85 /* Deep Filters.app */,
			);
			name = Products;
			sourceTree = "<group>";
		};
		5E4305AF26EC05E000D6CD85 /* Deep Filters */ = {
			isa = PBXGroup;
			children = (
				5E4305B026EC05E000D6CD85 /* Deep_FiltersApp.swift */,
				5E4305C326EC06B400D6CD85 /* Model */,
				5E4305BF26EC061D00D6CD85 /* Views */,
				5E20554D271B61EA00401807 /* Extensions */,
				5E4305EF26EC098B00D6CD85 /* Misc */,
				5E4305B426EC05E100D6CD85 /* Assets.xcassets */,
				5E4305B926EC05E100D6CD85 /* Info.plist */,
				5E4305B626EC05E100D6CD85 /* Preview Content */,
			);
			path = "Deep Filters";
			sourceTree = "<group>";
		};
		5E4305B626EC05E100D6CD85 /* Preview Content */ = {
			isa = PBXGroup;
			children = (
				5E4305B726EC05E100D6CD85 /* Preview Assets.xcassets */,
			);
			path = "Preview Content";
			sourceTree = "<group>";
		};
		5E4305BF26EC061D00D6CD85 /* Views */ = {
			isa = PBXGroup;
			children = (
				5E4305B226EC05E000D6CD85 /* ContentView.swift */,
				5E4305E826EC08E900D6CD85 /* Components */,
				5E4305E326EC084800D6CD85 /* Sheets */,
			);
			path = Views;
			sourceTree = "<group>";
		};
		5E4305C326EC06B400D6CD85 /* Model */ = {
			isa = PBXGroup;
			children = (
				5E4305D926EC077C00D6CD85 /* AppViewModel.swift */,
				5E22AC8327C037E100DC83C6 /* Tab.swift */,
				5E4305DF26EC080300D6CD85 /* Enums.swift */,
				5E4305C426EC06BC00D6CD85 /* ML Models */,
			);
			path = Model;
			sourceTree = "<group>";
		};
		5E4305C426EC06BC00D6CD85 /* ML Models */ = {
			isa = PBXGroup;
			children = (
				5E205580271B96BB00401807 /* StyleInput.swift */,
				5E205582271B971100401807 /* StyleOutput.swift */,
				5E205584271B97AF00401807 /* StyleModel.swift */,
				5E4305DD26EC07E200D6CD85 /* StyleEnum.swift */,
				5EA1DF30271C584D00416374 /* MatrixSize.swift */,
				5E7BCD602722F7B500DC3D7F /* Style Models */,
			);
			path = "ML Models";
			sourceTree = "<group>";
		};
		5E4305E326EC084800D6CD85 /* Sheets */ = {
			isa = PBXGroup;
			children = (
				5E4305E126EC083900D6CD85 /* ShareSheet.swift */,
				5E4305E426EC088E00D6CD85 /* Camera.swift */,
				5E4305E626EC08C500D6CD85 /* PhotoLibrary.swift */,
			);
			path = Sheets;
			sourceTree = "<group>";
		};
		5E4305E826EC08E900D6CD85 /* Components */ = {
			isa = PBXGroup;
			children = (
				5E22AC8527C0382C00DC83C6 /* TabBar.swift */,
				5E4305E926EC090600D6CD85 /* BackgroundEffectView.swift */,
				5E4305EB26EC093B00D6CD85 /* AnimatedActionButton.swift */,
				5E4305ED26EC095F00D6CD85 /* AnimatedRoundedButton.swift */,
				5E22AC8927C0420100DC83C6 /* AngularButton.swift */,
			);
			path = Components;
			sourceTree = "<group>";
		};
		5E4305EF26EC098B00D6CD85 /* Misc */ = {
			isa = PBXGroup;
			children = (
				5E22AC8727C039D700DC83C6 /* Modifiers.swift */,
				5E4305F626EC0A3400D6CD85 /* GradientButtonStyle.swift */,
				5E5C92B727B06E3C00666C4C /* VisualEffectBlur.swift */,
			);
			path = Misc;
			sourceTree = "<group>";
		};
		5E7BCD602722F7B500DC3D7F /* Style Models */ = {
			isa = PBXGroup;
			children = (
				5E20556A271B8DC800401807 /* Style1.mlmodel */,
				5E4305C726EC070800D6CD85 /* Style2.mlmodel */,
				5E4305C926EC071700D6CD85 /* Style3.mlmodel */,
				5E4305CB26EC072100D6CD85 /* Style4.mlmodel */,
				5E4305CD26EC072B00D6CD85 /* Style5.mlmodel */,
				5E4305CF26EC073600D6CD85 /* Style6.mlmodel */,
				5E4305D126EC074100D6CD85 /* Style7.mlmodel */,
				5E4305D326EC074F00D6CD85 /* Style8.mlmodel */,
				5E4305D526EC075A00D6CD85 /* Style9.mlmodel */,
				5E4305D726EC076200D6CD85 /* Style10.mlmodel */,
				5E7BCD612722F7E600DC3D7F /* Style11.mlmodel */,
				5E7BCD652722F80500DC3D7F /* Style13.mlmodel */,
				5E7BCD622722F7E600DC3D7F /* Style14.mlmodel */,
				5E7BCD672722F80500DC3D7F /* Style15.mlmodel */,
			);
			path = "Style Models";
			sourceTree = "<group>";
		};
/* End PBXGroup section */

/* Begin PBXNativeTarget section */
		5E4305AC26EC05E000D6CD85 /* Deep Filters */ = {
			isa = PBXNativeTarget;
			buildConfigurationList = 5E4305BC26EC05E100D6CD85 /* Build configuration list for PBXNativeTarget "Deep Filters" */;
			buildPhases = (
				5E4305A926EC05E000D6CD85 /* Sources */,
				5E4305AA26EC05E000D6CD85 /* Frameworks */,
				5E4305AB26EC05E000D6CD85 /* Resources */,
				5E4305F826EC123800D6CD85 /* ShellScript */,
			);
			buildRules = (
			);
			dependencies = (
			);
			name = "Deep Filters";
			packageProductDependencies = (
			);
			productName = "Deep Filters";
			productReference = 5E4305AD26EC05E000D6CD85 /* Deep Filters.app */;
			productType = "com.apple.product-type.application";
		};
/* End PBXNativeTarget section */

/* Begin PBXProject section */
		5E4305A526EC05E000D6CD85 /* Project object */ = {
			isa = PBXProject;
			attributes = {
				LastSwiftUpdateCheck = 1250;
				LastUpgradeCheck = 1250;
				TargetAttributes = {
					5E4305AC26EC05E000D6CD85 = {
						CreatedOnToolsVersion = 12.5.1;
					};
				};
			};
			buildConfigurationList = 5E4305A826EC05E000D6CD85 /* Build configuration list for PBXProject "Deep Filters" */;
			compatibilityVersion = "Xcode 9.3";
			developmentRegion = en;
			hasScannedForEncodings = 0;
			knownRegions = (
				en,
				Base,
			);
			mainGroup = 5E4305A426EC05E000D6CD85;
			packageReferences = (
			);
			productRefGroup = 5E4305AE26EC05E000D6CD85 /* Products */;
			projectDirPath = "";
			projectRoot = "";
			targets = (
				5E4305AC26EC05E000D6CD85 /* Deep Filters */,
			);
		};
/* End PBXProject section */

/* Begin PBXResourcesBuildPhase section */
		5E4305AB26EC05E000D6CD85 /* Resources */ = {
			isa = PBXResourcesBuildPhase;
			buildActionMask = 2147483647;
			files = (
				5E4305B826EC05E100D6CD85 /* Preview Assets.xcassets in Resources */,
				5E4305B526EC05E100D6CD85 /* Assets.xcassets in Resources */,
			);
			runOnlyForDeploymentPostprocessing = 0;
		};
/* End PBXResourcesBuildPhase section */

/* Begin PBXShellScriptBuildPhase section */
		5E4305F826EC123800D6CD85 /* ShellScript */ = {
			isa = PBXShellScriptBuildPhase;
			buildActionMask = 2147483647;
			files = (
			);
			inputFileListPaths = (
			);
			inputPaths = (
			);
			outputFileListPaths = (
			);
			outputPaths = (
			);
			runOnlyForDeploymentPostprocessing = 0;
			shellPath = /bin/sh;
			shellScript = "# Adds support for Apple Silicon brew directory\nexport PATH=\"$PATH:/opt/homebrew/bin\"\n\nif which swiftlint >/dev/null; then\n  swiftlint\nelse\n  echo \"warning: SwiftLint not installed, download from https://github.com/realm/SwiftLint\"\nfi\n";
		};
/* End PBXShellScriptBuildPhase section */

/* Begin PBXSourcesBuildPhase section */
		5E4305A926EC05E000D6CD85 /* Sources */ = {
			isa = PBXSourcesBuildPhase;
			buildActionMask = 2147483647;
			files = (
				5E205585271B97AF00401807 /* StyleModel.swift in Sources */,
				5E205583271B971100401807 /* StyleOutput.swift in Sources */,
				5E4305D826EC076200D6CD85 /* Style10.mlmodel in Sources */,
				5EA1DF31271C584D00416374 /* MatrixSize.swift in Sources */,
				5E205581271B96BB00401807 /* StyleInput.swift in Sources */,
				5E4305CC26EC072100D6CD85 /* Style4.mlmodel in Sources */,
				5E22AC8A27C0420100DC83C6 /* AngularButton.swift in Sources */,
				5E4305F326EC09D900D6CD85 /* UIImage+Extension.swift in Sources */,
				5E4305EC26EC093B00D6CD85 /* AnimatedActionButton.swift in Sources */,
				5E22AC8827C039D700DC83C6 /* Modifiers.swift in Sources */,
				5E4305F726EC0A3400D6CD85 /* GradientButtonStyle.swift in Sources */,
				5E4305DE26EC07E200D6CD85 /* StyleEnum.swift in Sources */,
				5E4305DA26EC077C00D6CD85 /* AppViewModel.swift in Sources */,
				5E4305CA26EC071700D6CD85 /* Style3.mlmodel in Sources */,
				5E7BCD632722F7E600DC3D7F /* Style11.mlmodel in Sources */,
				5E4305D626EC075A00D6CD85 /* Style9.mlmodel in Sources */,
				5E4305E526EC088E00D6CD85 /* Camera.swift in Sources */,
				5E4305EE26EC095F00D6CD85 /* AnimatedRoundedButton.swift in Sources */,
				5E20556B271B8DC800401807 /* Style1.mlmodel in Sources */,
				5E4305D426EC074F00D6CD85 /* Style8.mlmodel in Sources */,
				5E205587271B9D7B00401807 /* StyleModel+Extension.swift in Sources */,
				5E7BCD6A2722F80500DC3D7F /* Style15.mlmodel in Sources */,
				5E4305CE26EC072B00D6CD85 /* Style5.mlmodel in Sources */,
				5E4305F126EC09B400D6CD85 /* Array+Extension.swift in Sources */,
				5E4305E726EC08C500D6CD85 /* PhotoLibrary.swift in Sources */,
				5E5C92B827B06E3C00666C4C /* VisualEffectBlur.swift in Sources */,
				5E7BCD642722F7E600DC3D7F /* Style14.mlmodel in Sources */,
				5E4305E226EC083900D6CD85 /* ShareSheet.swift in Sources */,
				5E4305C826EC070800D6CD85 /* Style2.mlmodel in Sources */,
				5E22AC8627C0382C00DC83C6 /* TabBar.swift in Sources */,
				5E22AC8427C037E100DC83C6 /* Tab.swift in Sources */,
				5E4305D226EC074100D6CD85 /* Style7.mlmodel in Sources */,
				5E4305D026EC073600D6CD85 /* Style6.mlmodel in Sources */,
				5E7BCD682722F80500DC3D7F /* Style13.mlmodel in Sources */,
				5E4305B326EC05E000D6CD85 /* ContentView.swift in Sources */,
				5E4305EA26EC090600D6CD85 /* BackgroundEffectView.swift in Sources */,
				5E4305B126EC05E000D6CD85 /* Deep_FiltersApp.swift in Sources */,
				5E4305E026EC080300D6CD85 /* Enums.swift in Sources */,
			);
			runOnlyForDeploymentPostprocessing = 0;
		};
/* End PBXSourcesBuildPhase section */

/* Begin XCBuildConfiguration section */
		5E4305BA26EC05E100D6CD85 /* Debug */ = {
			isa = XCBuildConfiguration;
			buildSettings = {
				ALWAYS_SEARCH_USER_PATHS = NO;
				CLANG_ANALYZER_NONNULL = YES;
				CLANG_ANALYZER_NUMBER_OBJECT_CONVERSION = YES_AGGRESSIVE;
				CLANG_CXX_LANGUAGE_STANDARD = "gnu++14";
				CLANG_CXX_LIBRARY = "libc++";
				CLANG_ENABLE_MODULES = YES;
				CLANG_ENABLE_OBJC_ARC = YES;
				CLANG_ENABLE_OBJC_WEAK = YES;
				CLANG_WARN_BLOCK_CAPTURE_AUTORELEASING = YES;
				CLANG_WARN_BOOL_CONVERSION = YES;
				CLANG_WARN_COMMA = YES;
				CLANG_WARN_CONSTANT_CONVERSION = YES;
				CLANG_WARN_DEPRECATED_OBJC_IMPLEMENTATIONS = YES;
				CLANG_WARN_DIRECT_OBJC_ISA_USAGE = YES_ERROR;
				CLANG_WARN_DOCUMENTATION_COMMENTS = YES;
				CLANG_WARN_EMPTY_BODY = YES;
				CLANG_WARN_ENUM_CONVERSION = YES;
				CLANG_WARN_INFINITE_RECURSION = YES;
				CLANG_WARN_INT_CONVERSION = YES;
				CLANG_WARN_NON_LITERAL_NULL_CONVERSION = YES;
				CLANG_WARN_OBJC_IMPLICIT_RETAIN_SELF = YES;
				CLANG_WARN_OBJC_LITERAL_CONVERSION = YES;
				CLANG_WARN_OBJC_ROOT_CLASS = YES_ERROR;
				CLANG_WARN_QUOTED_INCLUDE_IN_FRAMEWORK_HEADER = YES;
				CLANG_WARN_RANGE_LOOP_ANALYSIS = YES;
				CLANG_WARN_STRICT_PROTOTYPES = YES;
				CLANG_WARN_SUSPICIOUS_MOVE = YES;
				CLANG_WARN_UNGUARDED_AVAILABILITY = YES_AGGRESSIVE;
				CLANG_WARN_UNREACHABLE_CODE = YES;
				CLANG_WARN__DUPLICATE_METHOD_MATCH = YES;
				COPY_PHASE_STRIP = NO;
				COREML_CODEGEN_LANGUAGE = None;
				DEBUG_INFORMATION_FORMAT = dwarf;
				ENABLE_STRICT_OBJC_MSGSEND = YES;
				ENABLE_TESTABILITY = YES;
				GCC_C_LANGUAGE_STANDARD = gnu11;
				GCC_DYNAMIC_NO_PIC = NO;
				GCC_NO_COMMON_BLOCKS = YES;
				GCC_OPTIMIZATION_LEVEL = 0;
				GCC_PREPROCESSOR_DEFINITIONS = (
					"DEBUG=1",
					"$(inherited)",
				);
				GCC_WARN_64_TO_32_BIT_CONVERSION = YES;
				GCC_WARN_ABOUT_RETURN_TYPE = YES_ERROR;
				GCC_WARN_UNDECLARED_SELECTOR = YES;
				GCC_WARN_UNINITIALIZED_AUTOS = YES_AGGRESSIVE;
				GCC_WARN_UNUSED_FUNCTION = YES;
				GCC_WARN_UNUSED_VARIABLE = YES;
				IPHONEOS_DEPLOYMENT_TARGET = 15.0;
				MTL_ENABLE_DEBUG_INFO = INCLUDE_SOURCE;
				MTL_FAST_MATH = YES;
				ONLY_ACTIVE_ARCH = YES;
				SDKROOT = iphoneos;
				SWIFT_ACTIVE_COMPILATION_CONDITIONS = DEBUG;
				SWIFT_OPTIMIZATION_LEVEL = "-Onone";
			};
			name = Debug;
		};
		5E4305BB26EC05E100D6CD85 /* Release */ = {
			isa = XCBuildConfiguration;
			buildSettings = {
				ALWAYS_SEARCH_USER_PATHS = NO;
				CLANG_ANALYZER_NONNULL = YES;
				CLANG_ANALYZER_NUMBER_OBJECT_CONVERSION = YES_AGGRESSIVE;
				CLANG_CXX_LANGUAGE_STANDARD = "gnu++14";
				CLANG_CXX_LIBRARY = "libc++";
				CLANG_ENABLE_MODULES = YES;
				CLANG_ENABLE_OBJC_ARC = YES;
				CLANG_ENABLE_OBJC_WEAK = YES;
				CLANG_WARN_BLOCK_CAPTURE_AUTORELEASING = YES;
				CLANG_WARN_BOOL_CONVERSION = YES;
				CLANG_WARN_COMMA = YES;
				CLANG_WARN_CONSTANT_CONVERSION = YES;
				CLANG_WARN_DEPRECATED_OBJC_IMPLEMENTATIONS = YES;
				CLANG_WARN_DIRECT_OBJC_ISA_USAGE = YES_ERROR;
				CLANG_WARN_DOCUMENTATION_COMMENTS = YES;
				CLANG_WARN_EMPTY_BODY = YES;
				CLANG_WARN_ENUM_CONVERSION = YES;
				CLANG_WARN_INFINITE_RECURSION = YES;
				CLANG_WARN_INT_CONVERSION = YES;
				CLANG_WARN_NON_LITERAL_NULL_CONVERSION = YES;
				CLANG_WARN_OBJC_IMPLICIT_RETAIN_SELF = YES;
				CLANG_WARN_OBJC_LITERAL_CONVERSION = YES;
				CLANG_WARN_OBJC_ROOT_CLASS = YES_ERROR;
				CLANG_WARN_QUOTED_INCLUDE_IN_FRAMEWORK_HEADER = YES;
				CLANG_WARN_RANGE_LOOP_ANALYSIS = YES;
				CLANG_WARN_STRICT_PROTOTYPES = YES;
				CLANG_WARN_SUSPICIOUS_MOVE = YES;
				CLANG_WARN_UNGUARDED_AVAILABILITY = YES_AGGRESSIVE;
				CLANG_WARN_UNREACHABLE_CODE = YES;
				CLANG_WARN__DUPLICATE_METHOD_MATCH = YES;
				COPY_PHASE_STRIP = NO;
				COREML_CODEGEN_LANGUAGE = None;
				DEBUG_INFORMATION_FORMAT = "dwarf-with-dsym";
				ENABLE_NS_ASSERTIONS = NO;
				ENABLE_STRICT_OBJC_MSGSEND = YES;
				GCC_C_LANGUAGE_STANDARD = gnu11;
				GCC_NO_COMMON_BLOCKS = YES;
				GCC_WARN_64_TO_32_BIT_CONVERSION = YES;
				GCC_WARN_ABOUT_RETURN_TYPE = YES_ERROR;
				GCC_WARN_UNDECLARED_SELECTOR = YES;
				GCC_WARN_UNINITIALIZED_AUTOS = YES_AGGRESSIVE;
				GCC_WARN_UNUSED_FUNCTION = YES;
				GCC_WARN_UNUSED_VARIABLE = YES;
				IPHONEOS_DEPLOYMENT_TARGET = 15.0;
				MTL_ENABLE_DEBUG_INFO = NO;
				MTL_FAST_MATH = YES;
				SDKROOT = iphoneos;
				SWIFT_COMPILATION_MODE = wholemodule;
				SWIFT_OPTIMIZATION_LEVEL = "-O";
				VALIDATE_PRODUCT = YES;
			};
			name = Release;
		};
		5E4305BD26EC05E100D6CD85 /* Debug */ = {
			isa = XCBuildConfiguration;
			buildSettings = {
				ASSETCATALOG_COMPILER_APPICON_NAME = AppIcon;
				ASSETCATALOG_COMPILER_GLOBAL_ACCENT_COLOR_NAME = AccentColor;
				CODE_SIGN_STYLE = Automatic;
				CURRENT_PROJECT_VERSION = 5;
				DEVELOPMENT_ASSET_PATHS = "\"Deep Filters/Preview Content\"";
				DEVELOPMENT_TEAM = R28KNM82KD;
				ENABLE_PREVIEWS = YES;
				INFOPLIST_FILE = "Deep Filters/Info.plist";
				IPHONEOS_DEPLOYMENT_TARGET = 15.0;
				LD_RUNPATH_SEARCH_PATHS = (
					"$(inherited)",
					"@executable_path/Frameworks",
				);
				MACOSX_DEPLOYMENT_TARGET = 11.0;
				MARKETING_VERSION = 1.1;
				OTHER_LDFLAGS = "-ObjC";
				PRODUCT_BUNDLE_IDENTIFIER = "com.alexis.Deep-Filters";
				PRODUCT_NAME = "$(TARGET_NAME)";
				SWIFT_VERSION = 5.0;
				TARGETED_DEVICE_FAMILY = "1,2";
				TVOS_DEPLOYMENT_TARGET = 14.0;
			};
			name = Debug;
		};
		5E4305BE26EC05E100D6CD85 /* Release */ = {
			isa = XCBuildConfiguration;
			buildSettings = {
				ASSETCATALOG_COMPILER_APPICON_NAME = AppIcon;
				ASSETCATALOG_COMPILER_GLOBAL_ACCENT_COLOR_NAME = AccentColor;
				CODE_SIGN_STYLE = Automatic;
				CURRENT_PROJECT_VERSION = 5;
				DEVELOPMENT_ASSET_PATHS = "\"Deep Filters/Preview Content\"";
				DEVELOPMENT_TEAM = R28KNM82KD;
				ENABLE_PREVIEWS = YES;
				INFOPLIST_FILE = "Deep Filters/Info.plist";
				IPHONEOS_DEPLOYMENT_TARGET = 15.0;
				LD_RUNPATH_SEARCH_PATHS = (
					"$(inherited)",
					"@executable_path/Frameworks",
				);
				MACOSX_DEPLOYMENT_TARGET = 11.0;
				MARKETING_VERSION = 1.1;
				OTHER_LDFLAGS = "-ObjC";
				PRODUCT_BUNDLE_IDENTIFIER = "com.alexis.Deep-Filters";
				PRODUCT_NAME = "$(TARGET_NAME)";
				SWIFT_VERSION = 5.0;
				TARGETED_DEVICE_FAMILY = "1,2";
				TVOS_DEPLOYMENT_TARGET = 14.0;
			};
			name = Release;
		};
/* End XCBuildConfiguration section */

/* Begin XCConfigurationList section */
		5E4305A826EC05E000D6CD85 /* Build configuration list for PBXProject "Deep Filters" */ = {
			isa = XCConfigurationList;
			buildConfigurations = (
				5E4305BA26EC05E100D6CD85 /* Debug */,
				5E4305BB26EC05E100D6CD85 /* Release */,
			);
			defaultConfigurationIsVisible = 0;
			defaultConfigurationName = Release;
		};
		5E4305BC26EC05E100D6CD85 /* Build configuration list for PBXNativeTarget "Deep Filters" */ = {
			isa = XCConfigurationList;
			buildConfigurations = (
				5E4305BD26EC05E100D6CD85 /* Debug */,
				5E4305BE26EC05E100D6CD85 /* Release */,
			);
			defaultConfigurationIsVisible = 0;
			defaultConfigurationName = Release;
		};
/* End XCConfigurationList section */
	};
	rootObject = 5E4305A526EC05E000D6CD85 /* Project object */;
}
